# This file is automatically @generated by Cargo.
# It is not intended for manual editing.
[[package]]
name = "add-two-numbers"
version = "0.1.0"
dependencies = [
 "utils",
]

[[package]]
name = "best-time-to-buy-and-sell-stock"
version = "0.1.0"

[[package]]
name = "boats-to-save-people"
version = "0.1.0"

[[package]]
name = "check-if-all-1-s-are-at-least-length-k-places-away"
version = "0.1.0"

[[package]]
name = "check-if-two-string-arrays-are-equivalent"
version = "0.1.0"

[[package]]
name = "count-sorted-vowel-strings"
version = "0.1.0"

[[package]]
name = "create-sorted-array-through-instructions"
version = "0.1.0"

[[package]]
name = "determine-if-two-strings-are-close"
version = "0.1.0"

[[package]]
name = "get-maximum-in-generated-array"
version = "0.1.0"

[[package]]
name = "kth-largest-element-in-an-array"
version = "0.1.0"

[[package]]
name = "longest-palindromic-substring"
version = "0.1.0"

[[package]]
name = "max-number-of-k-sum-pairs"
version = "0.1.0"

[[package]]
name = "merge-sorted-array"
version = "0.1.0"

[[package]]
name = "minimum-operations-to-reduce-x-to-zero"
version = "0.1.0"

[[package]]
name = "sort-the-matrix-diagonally"
version = "0.1.0"

[[package]]
name = "two-sum"
version = "0.1.0"

[[package]]
name = "utils"
version = "0.1.0"

[[package]]
name = "valid-parentheses"
version = "0.1.0"
