# This file is automatically @generated by Cargo.
# It is not intended for manual editing.
[[package]]
name = "best-time-to-buy-and-sell-stock"
version = "0.1.0"

[[package]]
name = "check-if-two-string-arrays-are-equivalent"
version = "0.1.0"

[[package]]
name = "create-sorted-array-through-instructions"
version = "0.1.0"

[[package]]
name = "two-sum"
version = "0.1.0"
