# This file is automatically @generated by Cargo.
# It is not intended for manual editing.
[[package]]
name = "add-two-numbers"
version = "0.1.0"
dependencies = [
 "utils",
]

[[package]]
name = "arithmetic-slices"
version = "0.1.0"

[[package]]
name = "best-time-to-buy-and-sell-stock"
version = "0.1.0"

[[package]]
name = "boats-to-save-people"
version = "0.1.0"

[[package]]
name = "broken-calculator"
version = "0.1.0"

[[package]]
name = "check-if-all-1-s-are-at-least-length-k-places-away"
version = "0.1.0"

[[package]]
name = "check-if-two-string-arrays-are-equivalent"
version = "0.1.0"

[[package]]
name = "concatenation-of-consecutive-binary-numbers"
version = "0.1.0"

[[package]]
name = "container-with-most-water"
version = "0.1.0"

[[package]]
name = "count-sorted-vowel-strings"
version = "0.1.0"

[[package]]
name = "create-sorted-array-through-instructions"
version = "0.1.0"

[[package]]
name = "determine-if-two-strings-are-close"
version = "0.1.0"

[[package]]
name = "distribute-candies"
version = "0.1.0"

[[package]]
name = "get-maximum-in-generated-array"
version = "0.1.0"

[[package]]
name = "is-graph-bipartite"
version = "0.1.0"

[[package]]
name = "kth-largest-element-in-an-array"
version = "0.1.0"

[[package]]
name = "letter-case-permutation"
version = "0.1.0"

[[package]]
name = "longest-harmonious-subsequence"
version = "0.1.0"

[[package]]
name = "longest-palindromic-substring"
version = "0.1.0"

[[package]]
name = "longest-word-in-dictionary-through-deleting"
version = "0.1.0"

[[package]]
name = "max-number-of-k-sum-pairs"
version = "0.1.0"

[[package]]
name = "merge-sorted-array"
version = "0.1.0"

[[package]]
name = "minimum-operations-to-reduce-x-to-zero"
version = "0.1.0"

[[package]]
name = "minimum-remove-to-make-valid-parentheses"
version = "0.1.0"

[[package]]
name = "number-of-1-bits"
version = "0.1.0"

[[package]]
name = "number-of-steps-to-reduce-a-number-to-zero"
version = "0.1.0"

[[package]]
name = "path-with-minimum-effort"
version = "0.1.0"

[[package]]
name = "roman-to-integer"
version = "0.1.0"

[[package]]
name = "score-of-parentheses"
version = "0.1.0"

[[package]]
name = "search-a-2-d-matrix-ii"
version = "0.1.0"

[[package]]
name = "set-mismatch"
version = "0.1.0"

[[package]]
name = "shortest-distance-to-a-character"
version = "0.1.0"

[[package]]
name = "shortest-path-in-binary-matrix"
version = "0.1.0"

[[package]]
name = "shortest-unsorted-continuous-subarray"
version = "0.1.0"

[[package]]
name = "simplify-path"
version = "0.1.0"

[[package]]
name = "smallest-string-with-a-given-numeric-value"
version = "0.1.0"

[[package]]
name = "sort-the-matrix-diagonally"
version = "0.1.0"

[[package]]
name = "the-k-weakest-rows-in-a-matrix"
version = "0.1.0"

[[package]]
name = "two-sum"
version = "0.1.0"

[[package]]
name = "utils"
version = "0.1.0"

[[package]]
name = "valid-anagram"
version = "0.1.0"

[[package]]
name = "valid-parentheses"
version = "0.1.0"

[[package]]
name = "validate-stack-sequences"
version = "0.1.0"

[[package]]
name = "vertical-order-traversal-of-a-binary-tree"
version = "0.1.0"
dependencies = [
 "utils",
]
